
Microsoft Visual Studio Solution File, Format Version 12.00
# Visual Studio Version 17
VisualStudioVersion = 17.3.32819.101
MinimumVisualStudioVersion = 10.0.40219.1
Project("{FAE04EC0-301F-11D3-BF4B-00C04F79EFBC}") = "2FA", "2FA\2FA.csproj", "{05AB2FA6-9E58-4077-9D31-A02032ACBCA6}"
EndProject
Global
	GlobalSection(SolutionConfigurationPlatforms) = preSolution
		Debug|Any CPU = Debug|Any CPU
		Release|Any CPU = Release|Any CPU
	EndGlobalSection
	GlobalSection(ProjectConfigurationPlatforms) = postSolution
		{05AB2FA6-9E58-4077-9D31-A02032ACBCA6}.Debug|Any CPU.ActiveCfg = Debug|Any CPU
		{05AB2FA6-9E58-4077-9D31-A02032ACBCA6}.Debug|Any CPU.Build.0 = Debug|Any CPU
		{05AB2FA6-9E58-4077-9D31-A02032ACBCA6}.Release|Any CPU.ActiveCfg = Release|Any CPU
		{05AB2FA6-9E58-4077-9D31-A02032ACBCA6}.Release|Any CPU.Build.0 = Release|Any CPU
	EndGlobalSection
	GlobalSection(SolutionProperties) = preSolution
		HideSolutionNode = FALSE
	EndGlobalSection
	GlobalSection(ExtensibilityGlobals) = postSolution
		SolutionGuid = {439CA682-04D1-4DF4-B476-406215F374A6}
	EndGlobalSection
EndGlobal
